// !$*UTF8*$!
{
	archiveVersion = 1;
	classes = {
	};
	objectVersion = 50;
	objects = {

/* Begin PBXBuildFile section */
		18380F0522BD2EBC001E075F /* AppDelegate.swift in Sources */ = {isa = PBXBuildFile; fileRef = 18380F0422BD2EBC001E075F /* AppDelegate.swift */; };
		18380F0A22BD2EBC001E075F /* Main.storyboard in Resources */ = {isa = PBXBuildFile; fileRef = 18380F0822BD2EBC001E075F /* Main.storyboard */; };
		18380F0D22BD2EBC001E075F /* TablePractice.xcdatamodeld in Sources */ = {isa = PBXBuildFile; fileRef = 18380F0B22BD2EBC001E075F /* TablePractice.xcdatamodeld */; };
		18380F0F22BD2EBF001E075F /* Assets.xcassets in Resources */ = {isa = PBXBuildFile; fileRef = 18380F0E22BD2EBF001E075F /* Assets.xcassets */; };
		18380F1222BD2EBF001E075F /* LaunchScreen.storyboard in Resources */ = {isa = PBXBuildFile; fileRef = 18380F1022BD2EBF001E075F /* LaunchScreen.storyboard */; };
		18380F1A22BD331A001E075F /* CactiTableViewController.swift in Sources */ = {isa = PBXBuildFile; fileRef = 18380F1922BD331A001E075F /* CactiTableViewController.swift */; };
/* End PBXBuildFile section */

/* Begin PBXFileReference section */
		18380F0122BD2EBC001E075F /* TablePractice.app */ = {isa = PBXFileReference; explicitFileType = wrapper.application; includeInIndex = 0; path = TablePractice.app; sourceTree = BUILT_PRODUCTS_DIR; };
		18380F0422BD2EBC001E075F /* AppDelegate.swift */ = {isa = PBXFileReference; lastKnownFileType = sourcecode.swift; path = AppDelegate.swift; sourceTree = "<group>"; };
		18380F0922BD2EBC001E075F /* Base */ = {isa = PBXFileReference; lastKnownFileType = file.storyboard; name = Base; path = Base.lproj/Main.storyboard; sourceTree = "<group>"; };
		18380F0C22BD2EBC001E075F /* TablePractice.xcdatamodel */ = {isa = PBXFileReference; lastKnownFileType = wrapper.xcdatamodel; path = TablePractice.xcdatamodel; sourceTree = "<group>"; };
		18380F0E22BD2EBF001E075F /* Assets.xcassets */ = {isa = PBXFileReference; lastKnownFileType = folder.assetcatalog; path = Assets.xcassets; sourceTree = "<group>"; };
		18380F1122BD2EBF001E075F /* Base */ = {isa = PBXFileReference; lastKnownFileType = file.storyboard; name = Base; path = Base.lproj/LaunchScreen.storyboard; sourceTree = "<group>"; };
		18380F1322BD2EBF001E075F /* Info.plist */ = {isa = PBXFileReference; lastKnownFileType = text.plist.xml; path = Info.plist; sourceTree = "<group>"; };
		18380F1922BD331A001E075F /* CactiTableViewController.swift */ = {isa = PBXFileReference; lastKnownFileType = sourcecode.swift; path = CactiTableViewController.swift; sourceTree = "<group>"; };
/* End PBXFileReference section */

/* Begin PBXFrameworksBuildPhase section */
		18380EFE22BD2EBC001E075F /* Frameworks */ = {
			isa = PBXFrameworksBuildPhase;
			buildActionMask = 2147483647;
			files = (
			);
			runOnlyForDeploymentPostprocessing = 0;
		};
/* End PBXFrameworksBuildPhase section */

/* Begin PBXGroup section */
		18380EF822BD2EBC001E075F = {
			isa = PBXGroup;
			children = (
				18380F0322BD2EBC001E075F /* TablePractice */,
				18380F0222BD2EBC001E075F /* Products */,
			);
			sourceTree = "<group>";
		};
		18380F0222BD2EBC001E075F /* Products */ = {
			isa = PBXGroup;
			children = (
				18380F0122BD2EBC001E075F /* TablePractice.app */,
			);
			name = Products;
			sourceTree = "<group>";
		};
		18380F0322BD2EBC001E075F /* TablePractice */ = {
			isa = PBXGroup;
			children = (
				18380F0422BD2EBC001E075F /* AppDelegate.swift */,
				18380F0822BD2EBC001E075F /* Main.storyboard */,
				18380F0E22BD2EBF001E075F /* Assets.xcassets */,
				18380F1022BD2EBF001E075F /* LaunchScreen.storyboard */,
				18380F1322BD2EBF001E075F /* Info.plist */,
				18380F0B22BD2EBC001E075F /* TablePractice.xcdatamodeld */,
				18380F1922BD331A001E075F /* CactiTableViewController.swift */,
			);
			path = TablePractice;
			sourceTree = "<group>";
		};
/* End PBXGroup section */

/* Begin PBXNativeTarget section */
		18380F0022BD2EBC001E075F /* TablePractice */ = {
			isa = PBXNativeTarget;
			buildConfigurationList = 18380F1622BD2EBF001E075F /* Build configuration list for PBXNativeTarget "TablePractice" */;
			buildPhases = (
				18380EFD22BD2EBC001E075F /* Sources */,
				18380EFE22BD2EBC001E075F /* Frameworks */,
				18380EFF22BD2EBC001E075F /* Resources */,
			);
			buildRules = (
			);
			dependencies = (
			);
			name = TablePractice;
			productName = TablePractice;
			productReference = 18380F0122BD2EBC001E075F /* TablePractice.app */;
			productType = "com.apple.product-type.application";
		};
/* End PBXNativeTarget section */

/* Begin PBXProject section */
		18380EF922BD2EBC001E075F /* Project object */ = {
			isa = PBXProject;
			attributes = {
				LastSwiftUpdateCheck = 1020;
				LastUpgradeCheck = 1020;
				ORGANIZATIONNAME = Apple;
				TargetAttributes = {
					18380F0022BD2EBC001E075F = {
						CreatedOnToolsVersion = 10.2.1;
					};
				};
			};
			buildConfigurationList = 18380EFC22BD2EBC001E075F /* Build configuration list for PBXProject "TablePractice" */;
			compatibilityVersion = "Xcode 9.3";
			developmentRegion = en;
			hasScannedForEncodings = 0;
			knownRegions = (
				en,
				Base,
			);
			mainGroup = 18380EF822BD2EBC001E075F;
			productRefGroup = 18380F0222BD2EBC001E075F /* Products */;
			projectDirPath = "";
			projectRoot = "";
			targets = (
				18380F0022BD2EBC001E075F /* TablePractice */,
			);
		};
/* End PBXProject section */

/* Begin PBXResourcesBuildPhase section */
		18380EFF22BD2EBC001E075F /* Resources */ = {
			isa = PBXResourcesBuildPhase;
			buildActionMask = 2147483647;
			files = (
				18380F1222BD2EBF001E075F /* LaunchScreen.storyboard in Resources */,
				18380F0F22BD2EBF001E075F /* Assets.xcassets in Resources */,
				18380F0A22BD2EBC001E075F /* Main.storyboard in Resources */,
			);
			runOnlyForDeploymentPostprocessing = 0;
		};
/* End PBXResourcesBuildPhase section */

/* Begin PBXSourcesBuildPhase section */
		18380EFD22BD2EBC001E075F /* Sources */ = {
			isa = PBXSourcesBuildPhase;
			buildActionMask = 2147483647;
			files = (
				18380F1A22BD331A001E075F /* CactiTableViewController.swift in Sources */,
				18380F0D22BD2EBC001E075F /* TablePractice.xcdatamodeld in Sources */,
				18380F0522BD2EBC001E075F /* AppDelegate.swift in Sources */,
			);
			runOnlyForDeploymentPostprocessing = 0;
		};
/* End PBXSourcesBuildPhase section */

/* Begin PBXVariantGroup section */
		18380F0822BD2EBC001E075F /* Main.storyboard */ = {
			isa = PBXVariantGroup;
			children = (
				18380F0922BD2EBC001E075F /* Base */,
			);
			name = Main.storyboard;
			sourceTree = "<group>";
		};
		18380F1022BD2EBF001E075F /* LaunchScreen.storyboard */ = {
			isa = PBXVariantGroup;
			children = (
				18380F1122BD2EBF001E075F /* Base */,
			);
			name = LaunchScreen.storyboard;
			sourceTree = "<group>";
		};
/* End PBXVariantGroup section */

/* Begin XCBuildConfiguration section */
		18380F1422BD2EBF001E075F /* Debug */ = {
			isa = XCBuildConfiguration;
			buildSettings = {
				ALWAYS_SEARCH_USER_PATHS = NO;
				CLANG_ANALYZER_NONNULL = YES;
				CLANG_ANALYZER_NUMBER_OBJECT_CONVERSION = YES_AGGRESSIVE;
				CLANG_CXX_LANGUAGE_STANDARD = "gnu++14";
				CLANG_CXX_LIBRARY = "libc++";
				CLANG_ENABLE_MODULES = YES;
				CLANG_ENABLE_OBJC_ARC = YES;
				CLANG_ENABLE_OBJC_WEAK = YES;
				CLANG_WARN_BLOCK_CAPTURE_AUTORELEASING = YES;
				CLANG_WARN_BOOL_CONVERSION = YES;
				CLANG_WARN_COMMA = YES;
				CLANG_WARN_CONSTANT_CONVERSION = YES;
				CLANG_WARN_DEPRECATED_OBJC_IMPLEMENTATIONS = YES;
				CLANG_WARN_DIRECT_OBJC_ISA_USAGE = YES_ERROR;
				CLANG_WARN_DOCUMENTATION_COMMENTS = YES;
				CLANG_WARN_EMPTY_BODY = YES;
				CLANG_WARN_ENUM_CONVERSION = YES;
				CLANG_WARN_INFINITE_RECURSION = YES;
				CLANG_WARN_INT_CONVERSION = YES;
				CLANG_WARN_NON_LITERAL_NULL_CONVERSION = YES;
				CLANG_WARN_OBJC_IMPLICIT_RETAIN_SELF = YES;
				CLANG_WARN_OBJC_LITERAL_CONVERSION = YES;
				CLANG_WARN_OBJC_ROOT_CLASS = YES_ERROR;
				CLANG_WARN_RANGE_LOOP_ANALYSIS = YES;
				CLANG_WARN_STRICT_PROTOTYPES = YES;
				CLANG_WARN_SUSPICIOUS_MOVE = YES;
				CLANG_WARN_UNGUARDED_AVAILABILITY = YES_AGGRESSIVE;
				CLANG_WARN_UNREACHABLE_CODE = YES;
				CLANG_WARN__DUPLICATE_METHOD_MATCH = YES;
				CODE_SIGN_IDENTITY = "iPhone Developer";
				COPY_PHASE_STRIP = NO;
				DEBUG_INFORMATION_FORMAT = dwarf;
				ENABLE_STRICT_OBJC_MSGSEND = YES;
				ENABLE_TESTABILITY = YES;
				GCC_C_LANGUAGE_STANDARD = gnu11;
				GCC_DYNAMIC_NO_PIC = NO;
				GCC_NO_COMMON_BLOCKS = YES;
				GCC_OPTIMIZATION_LEVEL = 0;
				GCC_PREPROCESSOR_DEFINITIONS = (
					"DEBUG=1",
					"$(inherited)",
				);
				GCC_WARN_64_TO_32_BIT_CONVERSION = YES;
				GCC_WARN_ABOUT_RETURN_TYPE = YES_ERROR;
				GCC_WARN_UNDECLARED_SELECTOR = YES;
				GCC_WARN_UNINITIALIZED_AUTOS = YES_AGGRESSIVE;
				GCC_WARN_UNUSED_FUNCTION = YES;
				GCC_WARN_UNUSED_VARIABLE = YES;
				IPHONEOS_DEPLOYMENT_TARGET = 12.2;
				MTL_ENABLE_DEBUG_INFO = INCLUDE_SOURCE;
				MTL_FAST_MATH = YES;
				ONLY_ACTIVE_ARCH = YES;
				SDKROOT = iphoneos;
				SWIFT_ACTIVE_COMPILATION_CONDITIONS = DEBUG;
				SWIFT_OPTIMIZATION_LEVEL = "-Onone";
			};
			name = Debug;
		};
		18380F1522BD2EBF001E075F /* Release */ = {
			isa = XCBuildConfiguration;
			buildSettings = {
				ALWAYS_SEARCH_USER_PATHS = NO;
				CLANG_ANALYZER_NONNULL = YES;
				CLANG_ANALYZER_NUMBER_OBJECT_CONVERSION = YES_AGGRESSIVE;
				CLANG_CXX_LANGUAGE_STANDARD = "gnu++14";
				CLANG_CXX_LIBRARY = "libc++";
				CLANG_ENABLE_MODULES = YES;
				CLANG_ENABLE_OBJC_ARC = YES;
				CLANG_ENABLE_OBJC_WEAK = YES;
				CLANG_WARN_BLOCK_CAPTURE_AUTORELEASING = YES;
				CLANG_WARN_BOOL_CONVERSION = YES;
				CLANG_WARN_COMMA = YES;
				CLANG_WARN_CONSTANT_CONVERSION = YES;
				CLANG_WARN_DEPRECATED_OBJC_IMPLEMENTATIONS = YES;
				CLANG_WARN_DIRECT_OBJC_ISA_USAGE = YES_ERROR;
				CLANG_WARN_DOCUMENTATION_COMMENTS = YES;
				CLANG_WARN_EMPTY_BODY = YES;
				CLANG_WARN_ENUM_CONVERSION = YES;
				CLANG_WARN_INFINITE_RECURSION = YES;
				CLANG_WARN_INT_CONVERSION = YES;
				CLANG_WARN_NON_LITERAL_NULL_CONVERSION = YES;
				CLANG_WARN_OBJC_IMPLICIT_RETAIN_SELF = YES;
				CLANG_WARN_OBJC_LITERAL_CONVERSION = YES;
				CLANG_WARN_OBJC_ROOT_CLASS = YES_ERROR;
				CLANG_WARN_RANGE_LOOP_ANALYSIS = YES;
				CLANG_WARN_STRICT_PROTOTYPES = YES;
				CLANG_WARN_SUSPICIOUS_MOVE = YES;
				CLANG_WARN_UNGUARDED_AVAILABILITY = YES_AGGRESSIVE;
				CLANG_WARN_UNREACHABLE_CODE = YES;
				CLANG_WARN__DUPLICATE_METHOD_MATCH = YES;
				CODE_SIGN_IDENTITY = "iPhone Developer";
				COPY_PHASE_STRIP = NO;
				DEBUG_INFORMATION_FORMAT = "dwarf-with-dsym";
				ENABLE_NS_ASSERTIONS = NO;
				ENABLE_STRICT_OBJC_MSGSEND = YES;
				GCC_C_LANGUAGE_STANDARD = gnu11;
				GCC_NO_COMMON_BLOCKS = YES;
				GCC_WARN_64_TO_32_BIT_CONVERSION = YES;
				GCC_WARN_ABOUT_RETURN_TYPE = YES_ERROR;
				GCC_WARN_UNDECLARED_SELECTOR = YES;
				GCC_WARN_UNINITIALIZED_AUTOS = YES_AGGRESSIVE;
				GCC_WARN_UNUSED_FUNCTION = YES;
				GCC_WARN_UNUSED_VARIABLE = YES;
				IPHONEOS_DEPLOYMENT_TARGET = 12.2;
				MTL_ENABLE_DEBUG_INFO = NO;
				MTL_FAST_MATH = YES;
				SDKROOT = iphoneos;
				SWIFT_COMPILATION_MODE = wholemodule;
				SWIFT_OPTIMIZATION_LEVEL = "-O";
				VALIDATE_PRODUCT = YES;
			};
			name = Release;
		};
		18380F1722BD2EBF001E075F /* Debug */ = {
			isa = XCBuildConfiguration;
			buildSettings = {
				ASSETCATALOG_COMPILER_APPICON_NAME = AppIcon;
				CODE_SIGN_STYLE = Automatic;
				DEVELOPMENT_TEAM = "";
				INFOPLIST_FILE = TablePractice/Info.plist;
				LD_RUNPATH_SEARCH_PATHS = (
					"$(inherited)",
					"@executable_path/Frameworks",
				);
				PRODUCT_BUNDLE_IDENTIFIER = KWK.TablePractice;
				PRODUCT_NAME = "$(TARGET_NAME)";
				SWIFT_VERSION = 5.0;
				TARGETED_DEVICE_FAMILY = "1,2";
			};
			name = Debug;
		};
		18380F1822BD2EBF001E075F /* Release */ = {
			isa = XCBuildConfiguration;
			buildSettings = {
				ASSETCATALOG_COMPILER_APPICON_NAME = AppIcon;
				CODE_SIGN_STYLE = Automatic;
				DEVELOPMENT_TEAM = "";
				INFOPLIST_FILE = TablePractice/Info.plist;
				LD_RUNPATH_SEARCH_PATHS = (
					"$(inherited)",
					"@executable_path/Frameworks",
				);
				PRODUCT_BUNDLE_IDENTIFIER = KWK.TablePractice;
				PRODUCT_NAME = "$(TARGET_NAME)";
				SWIFT_VERSION = 5.0;
				TARGETED_DEVICE_FAMILY = "1,2";
			};
			name = Release;
		};
/* End XCBuildConfiguration section */

/* Begin XCConfigurationList section */
		18380EFC22BD2EBC001E075F /* Build configuration list for PBXProject "TablePractice" */ = {
			isa = XCConfigurationList;
			buildConfigurations = (
				18380F1422BD2EBF001E075F /* Debug */,
				18380F1522BD2EBF001E075F /* Release */,
			);
			defaultConfigurationIsVisible = 0;
			defaultConfigurationName = Release;
		};
		18380F1622BD2EBF001E075F /* Build configuration list for PBXNativeTarget "TablePractice" */ = {
			isa = XCConfigurationList;
			buildConfigurations = (
				18380F1722BD2EBF001E075F /* Debug */,
				18380F1822BD2EBF001E075F /* Release */,
			);
			defaultConfigurationIsVisible = 0;
			defaultConfigurationName = Release;
		};
/* End XCConfigurationList section */

/* Begin XCVersionGroup section */
		18380F0B22BD2EBC001E075F /* TablePractice.xcdatamodeld */ = {
			isa = XCVersionGroup;
			children = (
				18380F0C22BD2EBC001E075F /* TablePractice.xcdatamodel */,
			);
			currentVersion = 18380F0C22BD2EBC001E075F /* TablePractice.xcdatamodel */;
			path = TablePractice.xcdatamodeld;
			sourceTree = "<group>";
			versionGroupType = wrapper.xcdatamodel;
		};
/* End XCVersionGroup section */
	};
	rootObject = 18380EF922BD2EBC001E075F /* Project object */;
}
